
Microsoft Visual Studio Solution File, Format Version 12.00
# Visual Studio Version 16
VisualStudioVersion = 16.0.35731.53
MinimumVisualStudioVersion = 10.0.40219.1
Project("{FAE04EC0-301F-11D3-BF4B-00C04F79EFBC}") = "WorkJournal", "WorkJournal.csproj", "{DD904FCB-0D28-454F-822A-229241F7479F}"
EndProject
Global
	GlobalSection(SolutionConfigurationPlatforms) = preSolution
		Debug|Any CPU = Debug|Any CPU
		Release|Any CPU = Release|Any CPU
	EndGlobalSection
	GlobalSection(ProjectConfigurationPlatforms) = postSolution
		{DD904FCB-0D28-454F-822A-229241F7479F}.Debug|Any CPU.ActiveCfg = Debug|Any CPU
		{DD904FCB-0D28-454F-822A-229241F7479F}.Debug|Any CPU.Build.0 = Debug|Any CPU
		{DD904FCB-0D28-454F-822A-229241F7479F}.Release|Any CPU.ActiveCfg = Release|Any CPU
		{DD904FCB-0D28-454F-822A-229241F7479F}.Release|Any CPU.Build.0 = Release|Any CPU
	EndGlobalSection
	GlobalSection(SolutionProperties) = preSolution
		HideSolutionNode = FALSE
	EndGlobalSection
	GlobalSection(ExtensibilityGlobals) = postSolution
		SolutionGuid = {66A7E18E-2A8D-487B-B05B-960EEB9B9852}
	EndGlobalSection
EndGlobal
